// !$*UTF8*$!
{
	archiveVersion = 1;
	classes = {
	};
	objectVersion = 51;
	objects = {

/* Begin PBXBuildFile section */
		09BD6AD85A04A8A6386955BF /* Pods_Ponder.framework in Frameworks */ = {isa = PBXBuildFile; fileRef = 3D062267EDD1C00A94342033 /* Pods_Ponder.framework */; };
		8A14F91D24C9533E0012B92B /* AppDelegate.swift in Sources */ = {isa = PBXBuildFile; fileRef = 8A14F91C24C9533E0012B92B /* AppDelegate.swift */; };
		8A14F91F24C9533E0012B92B /* SceneDelegate.swift in Sources */ = {isa = PBXBuildFile; fileRef = 8A14F91E24C9533E0012B92B /* SceneDelegate.swift */; };
		8A14F92624C953400012B92B /* Assets.xcassets in Resources */ = {isa = PBXBuildFile; fileRef = 8A14F92524C953400012B92B /* Assets.xcassets */; };
		8A14F92924C953400012B92B /* LaunchScreen.storyboard in Resources */ = {isa = PBXBuildFile; fileRef = 8A14F92724C953400012B92B /* LaunchScreen.storyboard */; };
		8A14F93424C953400012B92B /* PonderTests.swift in Sources */ = {isa = PBXBuildFile; fileRef = 8A14F93324C953400012B92B /* PonderTests.swift */; };
		8A14F93F24C953400012B92B /* PonderUITests.swift in Sources */ = {isa = PBXBuildFile; fileRef = 8A14F93E24C953400012B92B /* PonderUITests.swift */; };
		8A14F95324C958A60012B92B /* TabBarController.swift in Sources */ = {isa = PBXBuildFile; fileRef = 8A14F95224C958A60012B92B /* TabBarController.swift */; };
		8A14F95524C95B5A0012B92B /* HomeViewController.swift in Sources */ = {isa = PBXBuildFile; fileRef = 8A14F95424C95B5A0012B92B /* HomeViewController.swift */; };
		8A14F95724C95B6E0012B92B /* SearchViewController.swift in Sources */ = {isa = PBXBuildFile; fileRef = 8A14F95624C95B6E0012B92B /* SearchViewController.swift */; };
		8A14F95924C964790012B92B /* AddViewController.swift in Sources */ = {isa = PBXBuildFile; fileRef = 8A14F95824C964790012B92B /* AddViewController.swift */; };
		8A14F95B24C969CC0012B92B /* NotificationViewController.swift in Sources */ = {isa = PBXBuildFile; fileRef = 8A14F95A24C969CC0012B92B /* NotificationViewController.swift */; };
		8A14F95D24C96B690012B92B /* AccountViewController.swift in Sources */ = {isa = PBXBuildFile; fileRef = 8A14F95C24C96B690012B92B /* AccountViewController.swift */; };
		8A14F95F24CA3B160012B92B /* Components.swift in Sources */ = {isa = PBXBuildFile; fileRef = 8A14F95E24CA3B160012B92B /* Components.swift */; };
		8A14F96124CA3B3D0012B92B /* PressHighlightable.swift in Sources */ = {isa = PBXBuildFile; fileRef = 8A14F96024CA3B3D0012B92B /* PressHighlightable.swift */; };
		8A14F96324CA3B500012B92B /* PressScalable.swift in Sources */ = {isa = PBXBuildFile; fileRef = 8A14F96224CA3B500012B92B /* PressScalable.swift */; };
		8A14F96524CA3B600012B92B /* Pressable.swift in Sources */ = {isa = PBXBuildFile; fileRef = 8A14F96424CA3B600012B92B /* Pressable.swift */; };
		8A14F96724CA3B8C0012B92B /* Colors.swift in Sources */ = {isa = PBXBuildFile; fileRef = 8A14F96624CA3B8C0012B92B /* Colors.swift */; };
		8A14F96924CA3C0F0012B92B /* Constants.swift in Sources */ = {isa = PBXBuildFile; fileRef = 8A14F96824CA3C0F0012B92B /* Constants.swift */; };
		8A14F96B24CA3CE90012B92B /* HomeView.swift in Sources */ = {isa = PBXBuildFile; fileRef = 8A14F96A24CA3CE90012B92B /* HomeView.swift */; };
		8A14F96E24CA3D830012B92B /* ComponentCollectionViewCell.swift in Sources */ = {isa = PBXBuildFile; fileRef = 8A14F96D24CA3D830012B92B /* ComponentCollectionViewCell.swift */; };
		8A14F97024CA3DAC0012B92B /* ComponentTableViewCell.swift in Sources */ = {isa = PBXBuildFile; fileRef = 8A14F96F24CA3DAC0012B92B /* ComponentTableViewCell.swift */; };
		8A14F97224CA3DBC0012B92B /* ButtonComponent.swift in Sources */ = {isa = PBXBuildFile; fileRef = 8A14F97124CA3DBC0012B92B /* ButtonComponent.swift */; };
		8A14F97424CA3E640012B92B /* Extensions.swift in Sources */ = {isa = PBXBuildFile; fileRef = 8A14F97324CA3E640012B92B /* Extensions.swift */; };
		8A14F97624CA3FDD0012B92B /* Fonts.swift in Sources */ = {isa = PBXBuildFile; fileRef = 8A14F97524CA3FDD0012B92B /* Fonts.swift */; };
		8A14F97924CA43080012B92B /* PoemContentComponent.swift in Sources */ = {isa = PBXBuildFile; fileRef = 8A14F97824CA43080012B92B /* PoemContentComponent.swift */; };
		8A2533CF24CA82CD0014ACC1 /* PoemCarouselComponent.swift in Sources */ = {isa = PBXBuildFile; fileRef = 8A2533CE24CA82CD0014ACC1 /* PoemCarouselComponent.swift */; };
		8A2533D124CA83E30014ACC1 /* Poem.swift in Sources */ = {isa = PBXBuildFile; fileRef = 8A2533D024CA83E30014ACC1 /* Poem.swift */; };
		8A2533D324CA8A770014ACC1 /* PoemDetailsComponent.swift in Sources */ = {isa = PBXBuildFile; fileRef = 8A2533D224CA8A770014ACC1 /* PoemDetailsComponent.swift */; };
		8A2533D624CAA9FC0014ACC1 /* PageControlComponent.swift in Sources */ = {isa = PBXBuildFile; fileRef = 8A2533D524CAA9FC0014ACC1 /* PageControlComponent.swift */; };
		8A2E06D024CCA43900E195BE /* HomeCommentsViewController.swift in Sources */ = {isa = PBXBuildFile; fileRef = 8A2E06CF24CCA43900E195BE /* HomeCommentsViewController.swift */; };
		8A2E06D224CCA49800E195BE /* HomeCommentsView.swift in Sources */ = {isa = PBXBuildFile; fileRef = 8A2E06D124CCA49800E195BE /* HomeCommentsView.swift */; };
		8A32C5D524CD57F700A8D2DE /* CommentsTableViewComponent.swift in Sources */ = {isa = PBXBuildFile; fileRef = 8A32C5D424CD57F700A8D2DE /* CommentsTableViewComponent.swift */; };
		8A32C5D724CD581300A8D2DE /* User.swift in Sources */ = {isa = PBXBuildFile; fileRef = 8A32C5D624CD581300A8D2DE /* User.swift */; };
		8A32C5D924CD5C0700A8D2DE /* CommentsComponent.swift in Sources */ = {isa = PBXBuildFile; fileRef = 8A32C5D824CD5C0700A8D2DE /* CommentsComponent.swift */; };
		8A32C5DB24CE4F5000A8D2DE /* CommentTextFieldComponent.swift in Sources */ = {isa = PBXBuildFile; fileRef = 8A32C5DA24CE4F5000A8D2DE /* CommentTextFieldComponent.swift */; };
		8AAA67F424CFDB3C00BAB060 /* HomeExpandView.swift in Sources */ = {isa = PBXBuildFile; fileRef = 8AAA67F324CFDB3C00BAB060 /* HomeExpandView.swift */; };
		8AAA67F624CFDB9400BAB060 /* HomeExpandViewController.swift in Sources */ = {isa = PBXBuildFile; fileRef = 8AAA67F524CFDB9400BAB060 /* HomeExpandViewController.swift */; };
		8AAACFB124D61BBE0039A0A8 /* AddView.swift in Sources */ = {isa = PBXBuildFile; fileRef = 8AAACFB024D61BBE0039A0A8 /* AddView.swift */; };
		EF745C57A8A96D536A5A075C /* Pods_Ponder_PonderUITests.framework in Frameworks */ = {isa = PBXBuildFile; fileRef = D1F4D8F2C360A5B6399C7E4E /* Pods_Ponder_PonderUITests.framework */; };
		FDD3331AC28478B8C532DEFD /* Pods_PonderTests.framework in Frameworks */ = {isa = PBXBuildFile; fileRef = 1FFCB436CCD7E06EBACDBB32 /* Pods_PonderTests.framework */; };
/* End PBXBuildFile section */

/* Begin PBXContainerItemProxy section */
		8A14F93024C953400012B92B /* PBXContainerItemProxy */ = {
			isa = PBXContainerItemProxy;
			containerPortal = 8A14F91124C9533D0012B92B /* Project object */;
			proxyType = 1;
			remoteGlobalIDString = 8A14F91824C9533D0012B92B;
			remoteInfo = Ponder;
		};
		8A14F93B24C953400012B92B /* PBXContainerItemProxy */ = {
			isa = PBXContainerItemProxy;
			containerPortal = 8A14F91124C9533D0012B92B /* Project object */;
			proxyType = 1;
			remoteGlobalIDString = 8A14F91824C9533D0012B92B;
			remoteInfo = Ponder;
		};
/* End PBXContainerItemProxy section */

/* Begin PBXFileReference section */
		0BACC2F9ACC11D74D1F52B0F /* Pods-Ponder.debug.xcconfig */ = {isa = PBXFileReference; includeInIndex = 1; lastKnownFileType = text.xcconfig; name = "Pods-Ponder.debug.xcconfig"; path = "Target Support Files/Pods-Ponder/Pods-Ponder.debug.xcconfig"; sourceTree = "<group>"; };
		198463F4501C7D1F6FF12619 /* Pods-PonderTests.release.xcconfig */ = {isa = PBXFileReference; includeInIndex = 1; lastKnownFileType = text.xcconfig; name = "Pods-PonderTests.release.xcconfig"; path = "Target Support Files/Pods-PonderTests/Pods-PonderTests.release.xcconfig"; sourceTree = "<group>"; };
		1FFCB436CCD7E06EBACDBB32 /* Pods_PonderTests.framework */ = {isa = PBXFileReference; explicitFileType = wrapper.framework; includeInIndex = 0; path = Pods_PonderTests.framework; sourceTree = BUILT_PRODUCTS_DIR; };
		3D062267EDD1C00A94342033 /* Pods_Ponder.framework */ = {isa = PBXFileReference; explicitFileType = wrapper.framework; includeInIndex = 0; path = Pods_Ponder.framework; sourceTree = BUILT_PRODUCTS_DIR; };
		442E9AC326D66D29F33873FB /* Pods-PonderTests.debug.xcconfig */ = {isa = PBXFileReference; includeInIndex = 1; lastKnownFileType = text.xcconfig; name = "Pods-PonderTests.debug.xcconfig"; path = "Target Support Files/Pods-PonderTests/Pods-PonderTests.debug.xcconfig"; sourceTree = "<group>"; };
		5E08F4615C2DBEB62E210F7C /* Pods-Ponder-PonderUITests.release.xcconfig */ = {isa = PBXFileReference; includeInIndex = 1; lastKnownFileType = text.xcconfig; name = "Pods-Ponder-PonderUITests.release.xcconfig"; path = "Target Support Files/Pods-Ponder-PonderUITests/Pods-Ponder-PonderUITests.release.xcconfig"; sourceTree = "<group>"; };
		8A14F91924C9533D0012B92B /* Ponder.app */ = {isa = PBXFileReference; explicitFileType = wrapper.application; includeInIndex = 0; path = Ponder.app; sourceTree = BUILT_PRODUCTS_DIR; };
		8A14F91C24C9533E0012B92B /* AppDelegate.swift */ = {isa = PBXFileReference; lastKnownFileType = sourcecode.swift; path = AppDelegate.swift; sourceTree = "<group>"; };
		8A14F91E24C9533E0012B92B /* SceneDelegate.swift */ = {isa = PBXFileReference; lastKnownFileType = sourcecode.swift; path = SceneDelegate.swift; sourceTree = "<group>"; };
		8A14F92524C953400012B92B /* Assets.xcassets */ = {isa = PBXFileReference; lastKnownFileType = folder.assetcatalog; path = Assets.xcassets; sourceTree = "<group>"; };
		8A14F92824C953400012B92B /* Base */ = {isa = PBXFileReference; lastKnownFileType = file.storyboard; name = Base; path = Base.lproj/LaunchScreen.storyboard; sourceTree = "<group>"; };
		8A14F92A24C953400012B92B /* Info.plist */ = {isa = PBXFileReference; lastKnownFileType = text.plist.xml; path = Info.plist; sourceTree = "<group>"; };
		8A14F92F24C953400012B92B /* PonderTests.xctest */ = {isa = PBXFileReference; explicitFileType = wrapper.cfbundle; includeInIndex = 0; path = PonderTests.xctest; sourceTree = BUILT_PRODUCTS_DIR; };
		8A14F93324C953400012B92B /* PonderTests.swift */ = {isa = PBXFileReference; lastKnownFileType = sourcecode.swift; path = PonderTests.swift; sourceTree = "<group>"; };
		8A14F93524C953400012B92B /* Info.plist */ = {isa = PBXFileReference; lastKnownFileType = text.plist.xml; path = Info.plist; sourceTree = "<group>"; };
		8A14F93A24C953400012B92B /* PonderUITests.xctest */ = {isa = PBXFileReference; explicitFileType = wrapper.cfbundle; includeInIndex = 0; path = PonderUITests.xctest; sourceTree = BUILT_PRODUCTS_DIR; };
		8A14F93E24C953400012B92B /* PonderUITests.swift */ = {isa = PBXFileReference; lastKnownFileType = sourcecode.swift; path = PonderUITests.swift; sourceTree = "<group>"; };
		8A14F94024C953400012B92B /* Info.plist */ = {isa = PBXFileReference; lastKnownFileType = text.plist.xml; path = Info.plist; sourceTree = "<group>"; };
		8A14F95224C958A60012B92B /* TabBarController.swift */ = {isa = PBXFileReference; lastKnownFileType = sourcecode.swift; path = TabBarController.swift; sourceTree = "<group>"; };
		8A14F95424C95B5A0012B92B /* HomeViewController.swift */ = {isa = PBXFileReference; lastKnownFileType = sourcecode.swift; path = HomeViewController.swift; sourceTree = "<group>"; };
		8A14F95624C95B6E0012B92B /* SearchViewController.swift */ = {isa = PBXFileReference; lastKnownFileType = sourcecode.swift; path = SearchViewController.swift; sourceTree = "<group>"; };
		8A14F95824C964790012B92B /* AddViewController.swift */ = {isa = PBXFileReference; lastKnownFileType = sourcecode.swift; path = AddViewController.swift; sourceTree = "<group>"; };
		8A14F95A24C969CC0012B92B /* NotificationViewController.swift */ = {isa = PBXFileReference; lastKnownFileType = sourcecode.swift; path = NotificationViewController.swift; sourceTree = "<group>"; };
		8A14F95C24C96B690012B92B /* AccountViewController.swift */ = {isa = PBXFileReference; lastKnownFileType = sourcecode.swift; path = AccountViewController.swift; sourceTree = "<group>"; };
		8A14F95E24CA3B160012B92B /* Components.swift */ = {isa = PBXFileReference; lastKnownFileType = sourcecode.swift; path = Components.swift; sourceTree = "<group>"; };
		8A14F96024CA3B3D0012B92B /* PressHighlightable.swift */ = {isa = PBXFileReference; lastKnownFileType = sourcecode.swift; path = PressHighlightable.swift; sourceTree = "<group>"; };
		8A14F96224CA3B500012B92B /* PressScalable.swift */ = {isa = PBXFileReference; lastKnownFileType = sourcecode.swift; path = PressScalable.swift; sourceTree = "<group>"; };
		8A14F96424CA3B600012B92B /* Pressable.swift */ = {isa = PBXFileReference; lastKnownFileType = sourcecode.swift; path = Pressable.swift; sourceTree = "<group>"; };
		8A14F96624CA3B8C0012B92B /* Colors.swift */ = {isa = PBXFileReference; lastKnownFileType = sourcecode.swift; path = Colors.swift; sourceTree = "<group>"; };
		8A14F96824CA3C0F0012B92B /* Constants.swift */ = {isa = PBXFileReference; lastKnownFileType = sourcecode.swift; path = Constants.swift; sourceTree = "<group>"; };
		8A14F96A24CA3CE90012B92B /* HomeView.swift */ = {isa = PBXFileReference; lastKnownFileType = sourcecode.swift; path = HomeView.swift; sourceTree = "<group>"; };
		8A14F96D24CA3D830012B92B /* ComponentCollectionViewCell.swift */ = {isa = PBXFileReference; lastKnownFileType = sourcecode.swift; path = ComponentCollectionViewCell.swift; sourceTree = "<group>"; };
		8A14F96F24CA3DAC0012B92B /* ComponentTableViewCell.swift */ = {isa = PBXFileReference; lastKnownFileType = sourcecode.swift; path = ComponentTableViewCell.swift; sourceTree = "<group>"; };
		8A14F97124CA3DBC0012B92B /* ButtonComponent.swift */ = {isa = PBXFileReference; lastKnownFileType = sourcecode.swift; path = ButtonComponent.swift; sourceTree = "<group>"; };
		8A14F97324CA3E640012B92B /* Extensions.swift */ = {isa = PBXFileReference; lastKnownFileType = sourcecode.swift; path = Extensions.swift; sourceTree = "<group>"; };
		8A14F97524CA3FDD0012B92B /* Fonts.swift */ = {isa = PBXFileReference; lastKnownFileType = sourcecode.swift; path = Fonts.swift; sourceTree = "<group>"; };
		8A14F97824CA43080012B92B /* PoemContentComponent.swift */ = {isa = PBXFileReference; lastKnownFileType = sourcecode.swift; path = PoemContentComponent.swift; sourceTree = "<group>"; };
		8A2533CE24CA82CD0014ACC1 /* PoemCarouselComponent.swift */ = {isa = PBXFileReference; lastKnownFileType = sourcecode.swift; path = PoemCarouselComponent.swift; sourceTree = "<group>"; };
		8A2533D024CA83E30014ACC1 /* Poem.swift */ = {isa = PBXFileReference; lastKnownFileType = sourcecode.swift; path = Poem.swift; sourceTree = "<group>"; };
		8A2533D224CA8A770014ACC1 /* PoemDetailsComponent.swift */ = {isa = PBXFileReference; lastKnownFileType = sourcecode.swift; path = PoemDetailsComponent.swift; sourceTree = "<group>"; };
		8A2533D524CAA9FC0014ACC1 /* PageControlComponent.swift */ = {isa = PBXFileReference; lastKnownFileType = sourcecode.swift; path = PageControlComponent.swift; sourceTree = "<group>"; };
		8A2E06CF24CCA43900E195BE /* HomeCommentsViewController.swift */ = {isa = PBXFileReference; lastKnownFileType = sourcecode.swift; path = HomeCommentsViewController.swift; sourceTree = "<group>"; };
		8A2E06D124CCA49800E195BE /* HomeCommentsView.swift */ = {isa = PBXFileReference; lastKnownFileType = sourcecode.swift; path = HomeCommentsView.swift; sourceTree = "<group>"; };
		8A32C5D424CD57F700A8D2DE /* CommentsTableViewComponent.swift */ = {isa = PBXFileReference; lastKnownFileType = sourcecode.swift; path = CommentsTableViewComponent.swift; sourceTree = "<group>"; };
		8A32C5D624CD581300A8D2DE /* User.swift */ = {isa = PBXFileReference; lastKnownFileType = sourcecode.swift; path = User.swift; sourceTree = "<group>"; };
		8A32C5D824CD5C0700A8D2DE /* CommentsComponent.swift */ = {isa = PBXFileReference; lastKnownFileType = sourcecode.swift; path = CommentsComponent.swift; sourceTree = "<group>"; };
		8A32C5DA24CE4F5000A8D2DE /* CommentTextFieldComponent.swift */ = {isa = PBXFileReference; lastKnownFileType = sourcecode.swift; path = CommentTextFieldComponent.swift; sourceTree = "<group>"; };
		8AAA67F324CFDB3C00BAB060 /* HomeExpandView.swift */ = {isa = PBXFileReference; lastKnownFileType = sourcecode.swift; path = HomeExpandView.swift; sourceTree = "<group>"; };
		8AAA67F524CFDB9400BAB060 /* HomeExpandViewController.swift */ = {isa = PBXFileReference; lastKnownFileType = sourcecode.swift; path = HomeExpandViewController.swift; sourceTree = "<group>"; };
		8AAACFB024D61BBE0039A0A8 /* AddView.swift */ = {isa = PBXFileReference; lastKnownFileType = sourcecode.swift; path = AddView.swift; sourceTree = "<group>"; };
		9723BC56F014973C3DDCD89D /* Pods-Ponder-PonderUITests.debug.xcconfig */ = {isa = PBXFileReference; includeInIndex = 1; lastKnownFileType = text.xcconfig; name = "Pods-Ponder-PonderUITests.debug.xcconfig"; path = "Target Support Files/Pods-Ponder-PonderUITests/Pods-Ponder-PonderUITests.debug.xcconfig"; sourceTree = "<group>"; };
		CDCBDD22F9F6C51A41AD9E53 /* Pods-Ponder.release.xcconfig */ = {isa = PBXFileReference; includeInIndex = 1; lastKnownFileType = text.xcconfig; name = "Pods-Ponder.release.xcconfig"; path = "Target Support Files/Pods-Ponder/Pods-Ponder.release.xcconfig"; sourceTree = "<group>"; };
		D1F4D8F2C360A5B6399C7E4E /* Pods_Ponder_PonderUITests.framework */ = {isa = PBXFileReference; explicitFileType = wrapper.framework; includeInIndex = 0; path = Pods_Ponder_PonderUITests.framework; sourceTree = BUILT_PRODUCTS_DIR; };
/* End PBXFileReference section */

/* Begin PBXFrameworksBuildPhase section */
		8A14F91624C9533D0012B92B /* Frameworks */ = {
			isa = PBXFrameworksBuildPhase;
			buildActionMask = 2147483647;
			files = (
				09BD6AD85A04A8A6386955BF /* Pods_Ponder.framework in Frameworks */,
			);
			runOnlyForDeploymentPostprocessing = 0;
		};
		8A14F92C24C953400012B92B /* Frameworks */ = {
			isa = PBXFrameworksBuildPhase;
			buildActionMask = 2147483647;
			files = (
				FDD3331AC28478B8C532DEFD /* Pods_PonderTests.framework in Frameworks */,
			);
			runOnlyForDeploymentPostprocessing = 0;
		};
		8A14F93724C953400012B92B /* Frameworks */ = {
			isa = PBXFrameworksBuildPhase;
			buildActionMask = 2147483647;
			files = (
				EF745C57A8A96D536A5A075C /* Pods_Ponder_PonderUITests.framework in Frameworks */,
			);
			runOnlyForDeploymentPostprocessing = 0;
		};
/* End PBXFrameworksBuildPhase section */

/* Begin PBXGroup section */
		289DD7BFFEB1C04D38956C1F /* Frameworks */ = {
			isa = PBXGroup;
			children = (
				3D062267EDD1C00A94342033 /* Pods_Ponder.framework */,
				D1F4D8F2C360A5B6399C7E4E /* Pods_Ponder_PonderUITests.framework */,
				1FFCB436CCD7E06EBACDBB32 /* Pods_PonderTests.framework */,
			);
			name = Frameworks;
			sourceTree = "<group>";
		};
		8A14F91024C9533D0012B92B = {
			isa = PBXGroup;
			children = (
				8A14F91B24C9533D0012B92B /* Ponder */,
				8A14F93224C953400012B92B /* PonderTests */,
				8A14F93D24C953400012B92B /* PonderUITests */,
				8A14F91A24C9533D0012B92B /* Products */,
				ACA462083AA40FC491EEE654 /* Pods */,
				289DD7BFFEB1C04D38956C1F /* Frameworks */,
			);
			sourceTree = "<group>";
		};
		8A14F91A24C9533D0012B92B /* Products */ = {
			isa = PBXGroup;
			children = (
				8A14F91924C9533D0012B92B /* Ponder.app */,
				8A14F92F24C953400012B92B /* PonderTests.xctest */,
				8A14F93A24C953400012B92B /* PonderUITests.xctest */,
			);
			name = Products;
			sourceTree = "<group>";
		};
		8A14F91B24C9533D0012B92B /* Ponder */ = {
			isa = PBXGroup;
			children = (
				8A14F95124C953C50012B92B /* Components */,
				8A14F94F24C953B80012B92B /* Model */,
				8A14F94E24C953B30012B92B /* View */,
				8A14F94D24C953AF0012B92B /* ViewModel */,
				8A14F94C24C9539A0012B92B /* Controller */,
				8A14F95024C953BC0012B92B /* Utilities */,
				8A14F91C24C9533E0012B92B /* AppDelegate.swift */,
				8A14F91E24C9533E0012B92B /* SceneDelegate.swift */,
				8A14F92524C953400012B92B /* Assets.xcassets */,
				8A14F92724C953400012B92B /* LaunchScreen.storyboard */,
				8A14F92A24C953400012B92B /* Info.plist */,
			);
			path = Ponder;
			sourceTree = "<group>";
		};
		8A14F93224C953400012B92B /* PonderTests */ = {
			isa = PBXGroup;
			children = (
				8A14F93324C953400012B92B /* PonderTests.swift */,
				8A14F93524C953400012B92B /* Info.plist */,
			);
			path = PonderTests;
			sourceTree = "<group>";
		};
		8A14F93D24C953400012B92B /* PonderUITests */ = {
			isa = PBXGroup;
			children = (
				8A14F93E24C953400012B92B /* PonderUITests.swift */,
				8A14F94024C953400012B92B /* Info.plist */,
			);
			path = PonderUITests;
			sourceTree = "<group>";
		};
		8A14F94C24C9539A0012B92B /* Controller */ = {
			isa = PBXGroup;
			children = (
				8A14F95224C958A60012B92B /* TabBarController.swift */,
				8A2E06CE24CCA3C200E195BE /* Home */,
				8AAACFAF24D61B5B0039A0A8 /* Add */,
				8A14F95624C95B6E0012B92B /* SearchViewController.swift */,
				8A14F95A24C969CC0012B92B /* NotificationViewController.swift */,
				8A14F95C24C96B690012B92B /* AccountViewController.swift */,
			);
			path = Controller;
			sourceTree = "<group>";
		};
		8A14F94D24C953AF0012B92B /* ViewModel */ = {
			isa = PBXGroup;
			children = (
			);
			path = ViewModel;
			sourceTree = "<group>";
		};
		8A14F94E24C953B30012B92B /* View */ = {
			isa = PBXGroup;
			children = (
				8A14F97724CA42060012B92B /* Home */,
				8AAACFAE24D61B4C0039A0A8 /* Add */,
			);
			path = View;
			sourceTree = "<group>";
		};
		8A14F94F24C953B80012B92B /* Model */ = {
			isa = PBXGroup;
			children = (
				8A2533D024CA83E30014ACC1 /* Poem.swift */,
				8A32C5D624CD581300A8D2DE /* User.swift */,
			);
			path = Model;
			sourceTree = "<group>";
		};
		8A14F95024C953BC0012B92B /* Utilities */ = {
			isa = PBXGroup;
			children = (
				8A14F96624CA3B8C0012B92B /* Colors.swift */,
				8A14F96824CA3C0F0012B92B /* Constants.swift */,
				8A14F97524CA3FDD0012B92B /* Fonts.swift */,
				8A14F97324CA3E640012B92B /* Extensions.swift */,
			);
			path = Utilities;
			sourceTree = "<group>";
		};
		8A14F95124C953C50012B92B /* Components */ = {
			isa = PBXGroup;
			children = (
				8A14F96C24CA3D1A0012B92B /* Protocols */,
				8A14F96D24CA3D830012B92B /* ComponentCollectionViewCell.swift */,
				8A14F96F24CA3DAC0012B92B /* ComponentTableViewCell.swift */,
				8A14F97124CA3DBC0012B92B /* ButtonComponent.swift */,
			);
			path = Components;
			sourceTree = "<group>";
		};
		8A14F96C24CA3D1A0012B92B /* Protocols */ = {
			isa = PBXGroup;
			children = (
				8A14F95E24CA3B160012B92B /* Components.swift */,
				8A14F96024CA3B3D0012B92B /* PressHighlightable.swift */,
				8A14F96224CA3B500012B92B /* PressScalable.swift */,
				8A14F96424CA3B600012B92B /* Pressable.swift */,
			);
			path = Protocols;
			sourceTree = "<group>";
		};
		8A14F97724CA42060012B92B /* Home */ = {
			isa = PBXGroup;
			children = (
				8A2533D424CAA9E60014ACC1 /* Components */,
				8A14F96A24CA3CE90012B92B /* HomeView.swift */,
				8A2E06D124CCA49800E195BE /* HomeCommentsView.swift */,
				8AAA67F324CFDB3C00BAB060 /* HomeExpandView.swift */,
			);
			path = Home;
			sourceTree = "<group>";
		};
		8A2533D424CAA9E60014ACC1 /* Components */ = {
			isa = PBXGroup;
			children = (
				8A32C5D324CD57C800A8D2DE /* HomeComments */,
				8A32C5D224CD57B800A8D2DE /* Home */,
			);
			path = Components;
			sourceTree = "<group>";
		};
		8A2E06CE24CCA3C200E195BE /* Home */ = {
			isa = PBXGroup;
			children = (
				8A14F95424C95B5A0012B92B /* HomeViewController.swift */,
				8A2E06CF24CCA43900E195BE /* HomeCommentsViewController.swift */,
				8AAA67F524CFDB9400BAB060 /* HomeExpandViewController.swift */,
			);
			path = Home;
			sourceTree = "<group>";
		};
		8A32C5D224CD57B800A8D2DE /* Home */ = {
			isa = PBXGroup;
			children = (
				8A2533CE24CA82CD0014ACC1 /* PoemCarouselComponent.swift */,
				8A2533D224CA8A770014ACC1 /* PoemDetailsComponent.swift */,
				8A2533D524CAA9FC0014ACC1 /* PageControlComponent.swift */,
				8A14F97824CA43080012B92B /* PoemContentComponent.swift */,
			);
			path = Home;
			sourceTree = "<group>";
		};
		8A32C5D324CD57C800A8D2DE /* HomeComments */ = {
			isa = PBXGroup;
			children = (
				8A32C5D424CD57F700A8D2DE /* CommentsTableViewComponent.swift */,
				8A32C5D824CD5C0700A8D2DE /* CommentsComponent.swift */,
				8A32C5DA24CE4F5000A8D2DE /* CommentTextFieldComponent.swift */,
			);
			path = HomeComments;
			sourceTree = "<group>";
		};
		8AAACFAE24D61B4C0039A0A8 /* Add */ = {
			isa = PBXGroup;
			children = (
				8AAACFB024D61BBE0039A0A8 /* AddView.swift */,
			);
			path = Add;
			sourceTree = "<group>";
		};
		8AAACFAF24D61B5B0039A0A8 /* Add */ = {
			isa = PBXGroup;
			children = (
				8A14F95824C964790012B92B /* AddViewController.swift */,
			);
			path = Add;
			sourceTree = "<group>";
		};
		ACA462083AA40FC491EEE654 /* Pods */ = {
			isa = PBXGroup;
			children = (
				0BACC2F9ACC11D74D1F52B0F /* Pods-Ponder.debug.xcconfig */,
				CDCBDD22F9F6C51A41AD9E53 /* Pods-Ponder.release.xcconfig */,
				9723BC56F014973C3DDCD89D /* Pods-Ponder-PonderUITests.debug.xcconfig */,
				5E08F4615C2DBEB62E210F7C /* Pods-Ponder-PonderUITests.release.xcconfig */,
				442E9AC326D66D29F33873FB /* Pods-PonderTests.debug.xcconfig */,
				198463F4501C7D1F6FF12619 /* Pods-PonderTests.release.xcconfig */,
			);
			path = Pods;
			sourceTree = "<group>";
		};
/* End PBXGroup section */

/* Begin PBXNativeTarget section */
		8A14F91824C9533D0012B92B /* Ponder */ = {
			isa = PBXNativeTarget;
			buildConfigurationList = 8A14F94324C953400012B92B /* Build configuration list for PBXNativeTarget "Ponder" */;
			buildPhases = (
				5122F40AF99148CF43751480 /* [CP] Check Pods Manifest.lock */,
				8A14F91524C9533D0012B92B /* Sources */,
				8A14F91624C9533D0012B92B /* Frameworks */,
				8A14F91724C9533D0012B92B /* Resources */,
				B1D7C9973C50127AF9BE9E6D /* [CP] Embed Pods Frameworks */,
			);
			buildRules = (
			);
			dependencies = (
			);
			name = Ponder;
			productName = Ponder;
			productReference = 8A14F91924C9533D0012B92B /* Ponder.app */;
			productType = "com.apple.product-type.application";
		};
		8A14F92E24C953400012B92B /* PonderTests */ = {
			isa = PBXNativeTarget;
			buildConfigurationList = 8A14F94624C953400012B92B /* Build configuration list for PBXNativeTarget "PonderTests" */;
			buildPhases = (
				79F3BB07615AAFF0C8253170 /* [CP] Check Pods Manifest.lock */,
				8A14F92B24C953400012B92B /* Sources */,
				8A14F92C24C953400012B92B /* Frameworks */,
				8A14F92D24C953400012B92B /* Resources */,
			);
			buildRules = (
			);
			dependencies = (
				8A14F93124C953400012B92B /* PBXTargetDependency */,
			);
			name = PonderTests;
			productName = PonderTests;
			productReference = 8A14F92F24C953400012B92B /* PonderTests.xctest */;
			productType = "com.apple.product-type.bundle.unit-test";
		};
		8A14F93924C953400012B92B /* PonderUITests */ = {
			isa = PBXNativeTarget;
			buildConfigurationList = 8A14F94924C953400012B92B /* Build configuration list for PBXNativeTarget "PonderUITests" */;
			buildPhases = (
				3346A76A853AF2D9B124F6DE /* [CP] Check Pods Manifest.lock */,
				8A14F93624C953400012B92B /* Sources */,
				8A14F93724C953400012B92B /* Frameworks */,
				8A14F93824C953400012B92B /* Resources */,
				20C473AA833003526FBFD0D6 /* [CP] Embed Pods Frameworks */,
			);
			buildRules = (
			);
			dependencies = (
				8A14F93C24C953400012B92B /* PBXTargetDependency */,
			);
			name = PonderUITests;
			productName = PonderUITests;
			productReference = 8A14F93A24C953400012B92B /* PonderUITests.xctest */;
			productType = "com.apple.product-type.bundle.ui-testing";
		};
/* End PBXNativeTarget section */

/* Begin PBXProject section */
		8A14F91124C9533D0012B92B /* Project object */ = {
			isa = PBXProject;
			attributes = {
				LastSwiftUpdateCheck = 1140;
				LastUpgradeCheck = 1140;
				ORGANIZATIONNAME = "Antonio Chan";
				TargetAttributes = {
					8A14F91824C9533D0012B92B = {
						CreatedOnToolsVersion = 11.4.1;
					};
					8A14F92E24C953400012B92B = {
						CreatedOnToolsVersion = 11.4.1;
						TestTargetID = 8A14F91824C9533D0012B92B;
					};
					8A14F93924C953400012B92B = {
						CreatedOnToolsVersion = 11.4.1;
						TestTargetID = 8A14F91824C9533D0012B92B;
					};
				};
			};
			buildConfigurationList = 8A14F91424C9533D0012B92B /* Build configuration list for PBXProject "Ponder" */;
			compatibilityVersion = "Xcode 9.3";
			developmentRegion = en;
			hasScannedForEncodings = 0;
			knownRegions = (
				en,
				Base,
			);
			mainGroup = 8A14F91024C9533D0012B92B;
			productRefGroup = 8A14F91A24C9533D0012B92B /* Products */;
			projectDirPath = "";
			projectRoot = "";
			targets = (
				8A14F91824C9533D0012B92B /* Ponder */,
				8A14F92E24C953400012B92B /* PonderTests */,
				8A14F93924C953400012B92B /* PonderUITests */,
			);
		};
/* End PBXProject section */

/* Begin PBXResourcesBuildPhase section */
		8A14F91724C9533D0012B92B /* Resources */ = {
			isa = PBXResourcesBuildPhase;
			buildActionMask = 2147483647;
			files = (
				8A14F92924C953400012B92B /* LaunchScreen.storyboard in Resources */,
				8A14F92624C953400012B92B /* Assets.xcassets in Resources */,
			);
			runOnlyForDeploymentPostprocessing = 0;
		};
		8A14F92D24C953400012B92B /* Resources */ = {
			isa = PBXResourcesBuildPhase;
			buildActionMask = 2147483647;
			files = (
			);
			runOnlyForDeploymentPostprocessing = 0;
		};
		8A14F93824C953400012B92B /* Resources */ = {
			isa = PBXResourcesBuildPhase;
			buildActionMask = 2147483647;
			files = (
			);
			runOnlyForDeploymentPostprocessing = 0;
		};
/* End PBXResourcesBuildPhase section */

/* Begin PBXShellScriptBuildPhase section */
		20C473AA833003526FBFD0D6 /* [CP] Embed Pods Frameworks */ = {
			isa = PBXShellScriptBuildPhase;
			buildActionMask = 2147483647;
			files = (
			);
			inputFileListPaths = (
				"${PODS_ROOT}/Target Support Files/Pods-Ponder-PonderUITests/Pods-Ponder-PonderUITests-frameworks-${CONFIGURATION}-input-files.xcfilelist",
			);
			name = "[CP] Embed Pods Frameworks";
			outputFileListPaths = (
				"${PODS_ROOT}/Target Support Files/Pods-Ponder-PonderUITests/Pods-Ponder-PonderUITests-frameworks-${CONFIGURATION}-output-files.xcfilelist",
			);
			runOnlyForDeploymentPostprocessing = 0;
			shellPath = /bin/sh;
			shellScript = "\"${PODS_ROOT}/Target Support Files/Pods-Ponder-PonderUITests/Pods-Ponder-PonderUITests-frameworks.sh\"\n";
			showEnvVarsInLog = 0;
		};
		3346A76A853AF2D9B124F6DE /* [CP] Check Pods Manifest.lock */ = {
			isa = PBXShellScriptBuildPhase;
			buildActionMask = 2147483647;
			files = (
			);
			inputFileListPaths = (
			);
			inputPaths = (
				"${PODS_PODFILE_DIR_PATH}/Podfile.lock",
				"${PODS_ROOT}/Manifest.lock",
			);
			name = "[CP] Check Pods Manifest.lock";
			outputFileListPaths = (
			);
			outputPaths = (
				"$(DERIVED_FILE_DIR)/Pods-Ponder-PonderUITests-checkManifestLockResult.txt",
			);
			runOnlyForDeploymentPostprocessing = 0;
			shellPath = /bin/sh;
			shellScript = "diff \"${PODS_PODFILE_DIR_PATH}/Podfile.lock\" \"${PODS_ROOT}/Manifest.lock\" > /dev/null\nif [ $? != 0 ] ; then\n    # print error to STDERR\n    echo \"error: The sandbox is not in sync with the Podfile.lock. Run 'pod install' or update your CocoaPods installation.\" >&2\n    exit 1\nfi\n# This output is used by Xcode 'outputs' to avoid re-running this script phase.\necho \"SUCCESS\" > \"${SCRIPT_OUTPUT_FILE_0}\"\n";
			showEnvVarsInLog = 0;
		};
		5122F40AF99148CF43751480 /* [CP] Check Pods Manifest.lock */ = {
			isa = PBXShellScriptBuildPhase;
			buildActionMask = 2147483647;
			files = (
			);
			inputFileListPaths = (
			);
			inputPaths = (
				"${PODS_PODFILE_DIR_PATH}/Podfile.lock",
				"${PODS_ROOT}/Manifest.lock",
			);
			name = "[CP] Check Pods Manifest.lock";
			outputFileListPaths = (
			);
			outputPaths = (
				"$(DERIVED_FILE_DIR)/Pods-Ponder-checkManifestLockResult.txt",
			);
			runOnlyForDeploymentPostprocessing = 0;
			shellPath = /bin/sh;
			shellScript = "diff \"${PODS_PODFILE_DIR_PATH}/Podfile.lock\" \"${PODS_ROOT}/Manifest.lock\" > /dev/null\nif [ $? != 0 ] ; then\n    # print error to STDERR\n    echo \"error: The sandbox is not in sync with the Podfile.lock. Run 'pod install' or update your CocoaPods installation.\" >&2\n    exit 1\nfi\n# This output is used by Xcode 'outputs' to avoid re-running this script phase.\necho \"SUCCESS\" > \"${SCRIPT_OUTPUT_FILE_0}\"\n";
			showEnvVarsInLog = 0;
		};
		79F3BB07615AAFF0C8253170 /* [CP] Check Pods Manifest.lock */ = {
			isa = PBXShellScriptBuildPhase;
			buildActionMask = 2147483647;
			files = (
			);
			inputFileListPaths = (
			);
			inputPaths = (
				"${PODS_PODFILE_DIR_PATH}/Podfile.lock",
				"${PODS_ROOT}/Manifest.lock",
			);
			name = "[CP] Check Pods Manifest.lock";
			outputFileListPaths = (
			);
			outputPaths = (
				"$(DERIVED_FILE_DIR)/Pods-PonderTests-checkManifestLockResult.txt",
			);
			runOnlyForDeploymentPostprocessing = 0;
			shellPath = /bin/sh;
			shellScript = "diff \"${PODS_PODFILE_DIR_PATH}/Podfile.lock\" \"${PODS_ROOT}/Manifest.lock\" > /dev/null\nif [ $? != 0 ] ; then\n    # print error to STDERR\n    echo \"error: The sandbox is not in sync with the Podfile.lock. Run 'pod install' or update your CocoaPods installation.\" >&2\n    exit 1\nfi\n# This output is used by Xcode 'outputs' to avoid re-running this script phase.\necho \"SUCCESS\" > \"${SCRIPT_OUTPUT_FILE_0}\"\n";
			showEnvVarsInLog = 0;
		};
		B1D7C9973C50127AF9BE9E6D /* [CP] Embed Pods Frameworks */ = {
			isa = PBXShellScriptBuildPhase;
			buildActionMask = 2147483647;
			files = (
			);
			inputFileListPaths = (
				"${PODS_ROOT}/Target Support Files/Pods-Ponder/Pods-Ponder-frameworks-${CONFIGURATION}-input-files.xcfilelist",
			);
			name = "[CP] Embed Pods Frameworks";
			outputFileListPaths = (
				"${PODS_ROOT}/Target Support Files/Pods-Ponder/Pods-Ponder-frameworks-${CONFIGURATION}-output-files.xcfilelist",
			);
			runOnlyForDeploymentPostprocessing = 0;
			shellPath = /bin/sh;
			shellScript = "\"${PODS_ROOT}/Target Support Files/Pods-Ponder/Pods-Ponder-frameworks.sh\"\n";
			showEnvVarsInLog = 0;
		};
/* End PBXShellScriptBuildPhase section */

/* Begin PBXSourcesBuildPhase section */
		8A14F91524C9533D0012B92B /* Sources */ = {
			isa = PBXSourcesBuildPhase;
			buildActionMask = 2147483647;
			files = (
				8A14F95724C95B6E0012B92B /* SearchViewController.swift in Sources */,
				8A32C5D924CD5C0700A8D2DE /* CommentsComponent.swift in Sources */,
				8A14F95324C958A60012B92B /* TabBarController.swift in Sources */,
				8A32C5D524CD57F700A8D2DE /* CommentsTableViewComponent.swift in Sources */,
				8A14F96E24CA3D830012B92B /* ComponentCollectionViewCell.swift in Sources */,
				8A14F96124CA3B3D0012B92B /* PressHighlightable.swift in Sources */,
				8A2E06D224CCA49800E195BE /* HomeCommentsView.swift in Sources */,
				8A2533D624CAA9FC0014ACC1 /* PageControlComponent.swift in Sources */,
				8AAACFB124D61BBE0039A0A8 /* AddView.swift in Sources */,
				8A14F96B24CA3CE90012B92B /* HomeView.swift in Sources */,
				8A32C5DB24CE4F5000A8D2DE /* CommentTextFieldComponent.swift in Sources */,
				8A32C5D724CD581300A8D2DE /* User.swift in Sources */,
				8A14F96524CA3B600012B92B /* Pressable.swift in Sources */,
				8A14F95D24C96B690012B92B /* AccountViewController.swift in Sources */,
				8A14F97224CA3DBC0012B92B /* ButtonComponent.swift in Sources */,
				8A14F96324CA3B500012B92B /* PressScalable.swift in Sources */,
				8A14F95924C964790012B92B /* AddViewController.swift in Sources */,
				8A2533D124CA83E30014ACC1 /* Poem.swift in Sources */,
				8A14F95B24C969CC0012B92B /* NotificationViewController.swift in Sources */,
				8A14F97924CA43080012B92B /* PoemContentComponent.swift in Sources */,
				8AAA67F424CFDB3C00BAB060 /* HomeExpandView.swift in Sources */,
				8A14F96724CA3B8C0012B92B /* Colors.swift in Sources */,
				8A14F97424CA3E640012B92B /* Extensions.swift in Sources */,
				8A14F91D24C9533E0012B92B /* AppDelegate.swift in Sources */,
				8A14F91F24C9533E0012B92B /* SceneDelegate.swift in Sources */,
				8A14F96924CA3C0F0012B92B /* Constants.swift in Sources */,
				8A14F97624CA3FDD0012B92B /* Fonts.swift in Sources */,
				8A14F95F24CA3B160012B92B /* Components.swift in Sources */,
				8A14F97024CA3DAC0012B92B /* ComponentTableViewCell.swift in Sources */,
				8A2E06D024CCA43900E195BE /* HomeCommentsViewController.swift in Sources */,
				8A2533CF24CA82CD0014ACC1 /* PoemCarouselComponent.swift in Sources */,
				8A14F95524C95B5A0012B92B /* HomeViewController.swift in Sources */,
				8A2533D324CA8A770014ACC1 /* PoemDetailsComponent.swift in Sources */,
				8AAA67F624CFDB9400BAB060 /* HomeExpandViewController.swift in Sources */,
			);
			runOnlyForDeploymentPostprocessing = 0;
		};
		8A14F92B24C953400012B92B /* Sources */ = {
			isa = PBXSourcesBuildPhase;
			buildActionMask = 2147483647;
			files = (
				8A14F93424C953400012B92B /* PonderTests.swift in Sources */,
			);
			runOnlyForDeploymentPostprocessing = 0;
		};
		8A14F93624C953400012B92B /* Sources */ = {
			isa = PBXSourcesBuildPhase;
			buildActionMask = 2147483647;
			files = (
				8A14F93F24C953400012B92B /* PonderUITests.swift in Sources */,
			);
			runOnlyForDeploymentPostprocessing = 0;
		};
/* End PBXSourcesBuildPhase section */

/* Begin PBXTargetDependency section */
		8A14F93124C953400012B92B /* PBXTargetDependency */ = {
			isa = PBXTargetDependency;
			target = 8A14F91824C9533D0012B92B /* Ponder */;
			targetProxy = 8A14F93024C953400012B92B /* PBXContainerItemProxy */;
		};
		8A14F93C24C953400012B92B /* PBXTargetDependency */ = {
			isa = PBXTargetDependency;
			target = 8A14F91824C9533D0012B92B /* Ponder */;
			targetProxy = 8A14F93B24C953400012B92B /* PBXContainerItemProxy */;
		};
/* End PBXTargetDependency section */

/* Begin PBXVariantGroup section */
		8A14F92724C953400012B92B /* LaunchScreen.storyboard */ = {
			isa = PBXVariantGroup;
			children = (
				8A14F92824C953400012B92B /* Base */,
			);
			name = LaunchScreen.storyboard;
			sourceTree = "<group>";
		};
/* End PBXVariantGroup section */

/* Begin XCBuildConfiguration section */
		8A14F94124C953400012B92B /* Debug */ = {
			isa = XCBuildConfiguration;
			buildSettings = {
				ALWAYS_SEARCH_USER_PATHS = NO;
				CLANG_ANALYZER_NONNULL = YES;
				CLANG_ANALYZER_NUMBER_OBJECT_CONVERSION = YES_AGGRESSIVE;
				CLANG_CXX_LANGUAGE_STANDARD = "gnu++14";
				CLANG_CXX_LIBRARY = "libc++";
				CLANG_ENABLE_MODULES = YES;
				CLANG_ENABLE_OBJC_ARC = YES;
				CLANG_ENABLE_OBJC_WEAK = YES;
				CLANG_WARN_BLOCK_CAPTURE_AUTORELEASING = YES;
				CLANG_WARN_BOOL_CONVERSION = YES;
				CLANG_WARN_COMMA = YES;
				CLANG_WARN_CONSTANT_CONVERSION = YES;
				CLANG_WARN_DEPRECATED_OBJC_IMPLEMENTATIONS = YES;
				CLANG_WARN_DIRECT_OBJC_ISA_USAGE = YES_ERROR;
				CLANG_WARN_DOCUMENTATION_COMMENTS = YES;
				CLANG_WARN_EMPTY_BODY = YES;
				CLANG_WARN_ENUM_CONVERSION = YES;
				CLANG_WARN_INFINITE_RECURSION = YES;
				CLANG_WARN_INT_CONVERSION = YES;
				CLANG_WARN_NON_LITERAL_NULL_CONVERSION = YES;
				CLANG_WARN_OBJC_IMPLICIT_RETAIN_SELF = YES;
				CLANG_WARN_OBJC_LITERAL_CONVERSION = YES;
				CLANG_WARN_OBJC_ROOT_CLASS = YES_ERROR;
				CLANG_WARN_RANGE_LOOP_ANALYSIS = YES;
				CLANG_WARN_STRICT_PROTOTYPES = YES;
				CLANG_WARN_SUSPICIOUS_MOVE = YES;
				CLANG_WARN_UNGUARDED_AVAILABILITY = YES_AGGRESSIVE;
				CLANG_WARN_UNREACHABLE_CODE = YES;
				CLANG_WARN__DUPLICATE_METHOD_MATCH = YES;
				COPY_PHASE_STRIP = NO;
				DEBUG_INFORMATION_FORMAT = dwarf;
				ENABLE_STRICT_OBJC_MSGSEND = YES;
				ENABLE_TESTABILITY = YES;
				GCC_C_LANGUAGE_STANDARD = gnu11;
				GCC_DYNAMIC_NO_PIC = NO;
				GCC_NO_COMMON_BLOCKS = YES;
				GCC_OPTIMIZATION_LEVEL = 0;
				GCC_PREPROCESSOR_DEFINITIONS = (
					"DEBUG=1",
					"$(inherited)",
				);
				GCC_WARN_64_TO_32_BIT_CONVERSION = YES;
				GCC_WARN_ABOUT_RETURN_TYPE = YES_ERROR;
				GCC_WARN_UNDECLARED_SELECTOR = YES;
				GCC_WARN_UNINITIALIZED_AUTOS = YES_AGGRESSIVE;
				GCC_WARN_UNUSED_FUNCTION = YES;
				GCC_WARN_UNUSED_VARIABLE = YES;
				IPHONEOS_DEPLOYMENT_TARGET = 13.4;
				MTL_ENABLE_DEBUG_INFO = INCLUDE_SOURCE;
				MTL_FAST_MATH = YES;
				ONLY_ACTIVE_ARCH = YES;
				SDKROOT = iphoneos;
				SWIFT_ACTIVE_COMPILATION_CONDITIONS = DEBUG;
				SWIFT_OPTIMIZATION_LEVEL = "-Onone";
			};
			name = Debug;
		};
		8A14F94224C953400012B92B /* Release */ = {
			isa = XCBuildConfiguration;
			buildSettings = {
				ALWAYS_SEARCH_USER_PATHS = NO;
				CLANG_ANALYZER_NONNULL = YES;
				CLANG_ANALYZER_NUMBER_OBJECT_CONVERSION = YES_AGGRESSIVE;
				CLANG_CXX_LANGUAGE_STANDARD = "gnu++14";
				CLANG_CXX_LIBRARY = "libc++";
				CLANG_ENABLE_MODULES = YES;
				CLANG_ENABLE_OBJC_ARC = YES;
				CLANG_ENABLE_OBJC_WEAK = YES;
				CLANG_WARN_BLOCK_CAPTURE_AUTORELEASING = YES;
				CLANG_WARN_BOOL_CONVERSION = YES;
				CLANG_WARN_COMMA = YES;
				CLANG_WARN_CONSTANT_CONVERSION = YES;
				CLANG_WARN_DEPRECATED_OBJC_IMPLEMENTATIONS = YES;
				CLANG_WARN_DIRECT_OBJC_ISA_USAGE = YES_ERROR;
				CLANG_WARN_DOCUMENTATION_COMMENTS = YES;
				CLANG_WARN_EMPTY_BODY = YES;
				CLANG_WARN_ENUM_CONVERSION = YES;
				CLANG_WARN_INFINITE_RECURSION = YES;
				CLANG_WARN_INT_CONVERSION = YES;
				CLANG_WARN_NON_LITERAL_NULL_CONVERSION = YES;
				CLANG_WARN_OBJC_IMPLICIT_RETAIN_SELF = YES;
				CLANG_WARN_OBJC_LITERAL_CONVERSION = YES;
				CLANG_WARN_OBJC_ROOT_CLASS = YES_ERROR;
				CLANG_WARN_RANGE_LOOP_ANALYSIS = YES;
				CLANG_WARN_STRICT_PROTOTYPES = YES;
				CLANG_WARN_SUSPICIOUS_MOVE = YES;
				CLANG_WARN_UNGUARDED_AVAILABILITY = YES_AGGRESSIVE;
				CLANG_WARN_UNREACHABLE_CODE = YES;
				CLANG_WARN__DUPLICATE_METHOD_MATCH = YES;
				COPY_PHASE_STRIP = NO;
				DEBUG_INFORMATION_FORMAT = "dwarf-with-dsym";
				ENABLE_NS_ASSERTIONS = NO;
				ENABLE_STRICT_OBJC_MSGSEND = YES;
				GCC_C_LANGUAGE_STANDARD = gnu11;
				GCC_NO_COMMON_BLOCKS = YES;
				GCC_WARN_64_TO_32_BIT_CONVERSION = YES;
				GCC_WARN_ABOUT_RETURN_TYPE = YES_ERROR;
				GCC_WARN_UNDECLARED_SELECTOR = YES;
				GCC_WARN_UNINITIALIZED_AUTOS = YES_AGGRESSIVE;
				GCC_WARN_UNUSED_FUNCTION = YES;
				GCC_WARN_UNUSED_VARIABLE = YES;
				IPHONEOS_DEPLOYMENT_TARGET = 13.4;
				MTL_ENABLE_DEBUG_INFO = NO;
				MTL_FAST_MATH = YES;
				SDKROOT = iphoneos;
				SWIFT_COMPILATION_MODE = wholemodule;
				SWIFT_OPTIMIZATION_LEVEL = "-O";
				VALIDATE_PRODUCT = YES;
			};
			name = Release;
		};
		8A14F94424C953400012B92B /* Debug */ = {
			isa = XCBuildConfiguration;
			baseConfigurationReference = 0BACC2F9ACC11D74D1F52B0F /* Pods-Ponder.debug.xcconfig */;
			buildSettings = {
				ASSETCATALOG_COMPILER_APPICON_NAME = AppIcon;
				CODE_SIGN_STYLE = Automatic;
				DEVELOPMENT_TEAM = W444RWV5J8;
				INFOPLIST_FILE = Ponder/Info.plist;
				LD_RUNPATH_SEARCH_PATHS = (
					"$(inherited)",
					"@executable_path/Frameworks",
				);
				PRODUCT_BUNDLE_IDENTIFIER = com.Ponder;
				PRODUCT_NAME = "$(TARGET_NAME)";
				SWIFT_VERSION = 5.0;
				TARGETED_DEVICE_FAMILY = "1,2";
			};
			name = Debug;
		};
		8A14F94524C953400012B92B /* Release */ = {
			isa = XCBuildConfiguration;
			baseConfigurationReference = CDCBDD22F9F6C51A41AD9E53 /* Pods-Ponder.release.xcconfig */;
			buildSettings = {
				ASSETCATALOG_COMPILER_APPICON_NAME = AppIcon;
				CODE_SIGN_STYLE = Automatic;
				DEVELOPMENT_TEAM = W444RWV5J8;
				INFOPLIST_FILE = Ponder/Info.plist;
				LD_RUNPATH_SEARCH_PATHS = (
					"$(inherited)",
					"@executable_path/Frameworks",
				);
				PRODUCT_BUNDLE_IDENTIFIER = com.Ponder;
				PRODUCT_NAME = "$(TARGET_NAME)";
				SWIFT_VERSION = 5.0;
				TARGETED_DEVICE_FAMILY = "1,2";
			};
			name = Release;
		};
		8A14F94724C953400012B92B /* Debug */ = {
			isa = XCBuildConfiguration;
			baseConfigurationReference = 442E9AC326D66D29F33873FB /* Pods-PonderTests.debug.xcconfig */;
			buildSettings = {
				ALWAYS_EMBED_SWIFT_STANDARD_LIBRARIES = YES;
				BUNDLE_LOADER = "$(TEST_HOST)";
				CODE_SIGN_STYLE = Automatic;
				DEVELOPMENT_TEAM = W444RWV5J8;
				INFOPLIST_FILE = PonderTests/Info.plist;
				IPHONEOS_DEPLOYMENT_TARGET = 13.4;
				LD_RUNPATH_SEARCH_PATHS = (
					"$(inherited)",
					"@executable_path/Frameworks",
					"@loader_path/Frameworks",
				);
				PRODUCT_BUNDLE_IDENTIFIER = com.PonderTests;
				PRODUCT_NAME = "$(TARGET_NAME)";
				SWIFT_VERSION = 5.0;
				TARGETED_DEVICE_FAMILY = "1,2";
				TEST_HOST = "$(BUILT_PRODUCTS_DIR)/Ponder.app/Ponder";
			};
			name = Debug;
		};
		8A14F94824C953400012B92B /* Release */ = {
			isa = XCBuildConfiguration;
			baseConfigurationReference = 198463F4501C7D1F6FF12619 /* Pods-PonderTests.release.xcconfig */;
			buildSettings = {
				ALWAYS_EMBED_SWIFT_STANDARD_LIBRARIES = YES;
				BUNDLE_LOADER = "$(TEST_HOST)";
				CODE_SIGN_STYLE = Automatic;
				DEVELOPMENT_TEAM = W444RWV5J8;
				INFOPLIST_FILE = PonderTests/Info.plist;
				IPHONEOS_DEPLOYMENT_TARGET = 13.4;
				LD_RUNPATH_SEARCH_PATHS = (
					"$(inherited)",
					"@executable_path/Frameworks",
					"@loader_path/Frameworks",
				);
				PRODUCT_BUNDLE_IDENTIFIER = com.PonderTests;
				PRODUCT_NAME = "$(TARGET_NAME)";
				SWIFT_VERSION = 5.0;
				TARGETED_DEVICE_FAMILY = "1,2";
				TEST_HOST = "$(BUILT_PRODUCTS_DIR)/Ponder.app/Ponder";
			};
			name = Release;
		};
		8A14F94A24C953400012B92B /* Debug */ = {
			isa = XCBuildConfiguration;
			baseConfigurationReference = 9723BC56F014973C3DDCD89D /* Pods-Ponder-PonderUITests.debug.xcconfig */;
			buildSettings = {
				ALWAYS_EMBED_SWIFT_STANDARD_LIBRARIES = YES;
				CODE_SIGN_STYLE = Automatic;
				DEVELOPMENT_TEAM = W444RWV5J8;
				INFOPLIST_FILE = PonderUITests/Info.plist;
				LD_RUNPATH_SEARCH_PATHS = (
					"$(inherited)",
					"@executable_path/Frameworks",
					"@loader_path/Frameworks",
				);
				PRODUCT_BUNDLE_IDENTIFIER = com.PonderUITests;
				PRODUCT_NAME = "$(TARGET_NAME)";
				SWIFT_VERSION = 5.0;
				TARGETED_DEVICE_FAMILY = "1,2";
				TEST_TARGET_NAME = Ponder;
			};
			name = Debug;
		};
		8A14F94B24C953400012B92B /* Release */ = {
			isa = XCBuildConfiguration;
			baseConfigurationReference = 5E08F4615C2DBEB62E210F7C /* Pods-Ponder-PonderUITests.release.xcconfig */;
			buildSettings = {
				ALWAYS_EMBED_SWIFT_STANDARD_LIBRARIES = YES;
				CODE_SIGN_STYLE = Automatic;
				DEVELOPMENT_TEAM = W444RWV5J8;
				INFOPLIST_FILE = PonderUITests/Info.plist;
				LD_RUNPATH_SEARCH_PATHS = (
					"$(inherited)",
					"@executable_path/Frameworks",
					"@loader_path/Frameworks",
				);
				PRODUCT_BUNDLE_IDENTIFIER = com.PonderUITests;
				PRODUCT_NAME = "$(TARGET_NAME)";
				SWIFT_VERSION = 5.0;
				TARGETED_DEVICE_FAMILY = "1,2";
				TEST_TARGET_NAME = Ponder;
			};
			name = Release;
		};
/* End XCBuildConfiguration section */

/* Begin XCConfigurationList section */
		8A14F91424C9533D0012B92B /* Build configuration list for PBXProject "Ponder" */ = {
			isa = XCConfigurationList;
			buildConfigurations = (
				8A14F94124C953400012B92B /* Debug */,
				8A14F94224C953400012B92B /* Release */,
			);
			defaultConfigurationIsVisible = 0;
			defaultConfigurationName = Release;
		};
		8A14F94324C953400012B92B /* Build configuration list for PBXNativeTarget "Ponder" */ = {
			isa = XCConfigurationList;
			buildConfigurations = (
				8A14F94424C953400012B92B /* Debug */,
				8A14F94524C953400012B92B /* Release */,
			);
			defaultConfigurationIsVisible = 0;
			defaultConfigurationName = Release;
		};
		8A14F94624C953400012B92B /* Build configuration list for PBXNativeTarget "PonderTests" */ = {
			isa = XCConfigurationList;
			buildConfigurations = (
				8A14F94724C953400012B92B /* Debug */,
				8A14F94824C953400012B92B /* Release */,
			);
			defaultConfigurationIsVisible = 0;
			defaultConfigurationName = Release;
		};
		8A14F94924C953400012B92B /* Build configuration list for PBXNativeTarget "PonderUITests" */ = {
			isa = XCConfigurationList;
			buildConfigurations = (
				8A14F94A24C953400012B92B /* Debug */,
				8A14F94B24C953400012B92B /* Release */,
			);
			defaultConfigurationIsVisible = 0;
			defaultConfigurationName = Release;
		};
/* End XCConfigurationList section */
	};
	rootObject = 8A14F91124C9533D0012B92B /* Project object */;
}
